
Microsoft Visual Studio Solution File, Format Version 12.00
# Visual Studio Version 17
VisualStudioVersion = 17.3.32929.385
MinimumVisualStudioVersion = 10.0.40219.1
Project("{9A19103F-16F7-4668-BE54-9A1E7A4F7556}") = "SequenceLibrary", "SequenceLibrary\SequenceLibrary.csproj", "{5B4D0406-ABAD-4B09-AFAA-193C52F01E3D}"
EndProject
Project("{2150E333-8FDC-42A3-9474-1A3956D46DE8}") = "Documentation", "Documentation", "{423577E2-ADBF-4089-B28C-D8A71BECCBEF}"
	ProjectSection(SolutionItems) = preProject
		Requirements.txt = Requirements.txt
	EndProjectSection
EndProject
Project("{9A19103F-16F7-4668-BE54-9A1E7A4F7556}") = "TestSequence", "TestSequence\TestSequence.csproj", "{BF29583E-FB27-4005-B97E-8C152EA25E43}"
EndProject
Project("{9A19103F-16F7-4668-BE54-9A1E7A4F7556}") = "SequenceWebApi", "SequenceWebApi\SequenceWebApi.csproj", "{E36A76B4-AA23-4BE6-B247-E79839DD8C10}"
EndProject
Project("{9A19103F-16F7-4668-BE54-9A1E7A4F7556}") = "SequenceWebApiClient", "SequenceWebApiClient\SequenceWebApiClient.csproj", "{DA139A3C-DB6F-40F1-B59C-DCA81EF5F2C1}"
EndProject
Project("{2150E333-8FDC-42A3-9474-1A3956D46DE8}") = "Solution Items", "Solution Items", "{8D03120D-2ECF-404C-825C-4E97BDEF232A}"
	ProjectSection(SolutionItems) = preProject
		docker-compose.yml = docker-compose.yml
	EndProjectSection
EndProject
Project("{E53339B2-1760-4266-BCC7-CA923CBCF16C}") = "docker-compose", "docker-compose.dcproj", "{DB84B681-FDDC-41AA-A487-23556EFCC3AC}"
EndProject
Global
	GlobalSection(SolutionConfigurationPlatforms) = preSolution
		Debug|Any CPU = Debug|Any CPU
		Release|Any CPU = Release|Any CPU
	EndGlobalSection
	GlobalSection(ProjectConfigurationPlatforms) = postSolution
		{5B4D0406-ABAD-4B09-AFAA-193C52F01E3D}.Debug|Any CPU.ActiveCfg = Debug|Any CPU
		{5B4D0406-ABAD-4B09-AFAA-193C52F01E3D}.Debug|Any CPU.Build.0 = Debug|Any CPU
		{5B4D0406-ABAD-4B09-AFAA-193C52F01E3D}.Release|Any CPU.ActiveCfg = Release|Any CPU
		{5B4D0406-ABAD-4B09-AFAA-193C52F01E3D}.Release|Any CPU.Build.0 = Release|Any CPU
		{BF29583E-FB27-4005-B97E-8C152EA25E43}.Debug|Any CPU.ActiveCfg = Debug|Any CPU
		{BF29583E-FB27-4005-B97E-8C152EA25E43}.Debug|Any CPU.Build.0 = Debug|Any CPU
		{BF29583E-FB27-4005-B97E-8C152EA25E43}.Release|Any CPU.ActiveCfg = Release|Any CPU
		{BF29583E-FB27-4005-B97E-8C152EA25E43}.Release|Any CPU.Build.0 = Release|Any CPU
		{E36A76B4-AA23-4BE6-B247-E79839DD8C10}.Debug|Any CPU.ActiveCfg = Debug|Any CPU
		{E36A76B4-AA23-4BE6-B247-E79839DD8C10}.Debug|Any CPU.Build.0 = Debug|Any CPU
		{E36A76B4-AA23-4BE6-B247-E79839DD8C10}.Release|Any CPU.ActiveCfg = Release|Any CPU
		{E36A76B4-AA23-4BE6-B247-E79839DD8C10}.Release|Any CPU.Build.0 = Release|Any CPU
		{DA139A3C-DB6F-40F1-B59C-DCA81EF5F2C1}.Debug|Any CPU.ActiveCfg = Debug|Any CPU
		{DA139A3C-DB6F-40F1-B59C-DCA81EF5F2C1}.Debug|Any CPU.Build.0 = Debug|Any CPU
		{DA139A3C-DB6F-40F1-B59C-DCA81EF5F2C1}.Release|Any CPU.ActiveCfg = Release|Any CPU
		{DA139A3C-DB6F-40F1-B59C-DCA81EF5F2C1}.Release|Any CPU.Build.0 = Release|Any CPU
		{DB84B681-FDDC-41AA-A487-23556EFCC3AC}.Debug|Any CPU.ActiveCfg = Debug|Any CPU
		{DB84B681-FDDC-41AA-A487-23556EFCC3AC}.Debug|Any CPU.Build.0 = Debug|Any CPU
		{DB84B681-FDDC-41AA-A487-23556EFCC3AC}.Release|Any CPU.ActiveCfg = Release|Any CPU
		{DB84B681-FDDC-41AA-A487-23556EFCC3AC}.Release|Any CPU.Build.0 = Release|Any CPU
	EndGlobalSection
	GlobalSection(SolutionProperties) = preSolution
		HideSolutionNode = FALSE
	EndGlobalSection
	GlobalSection(ExtensibilityGlobals) = postSolution
		SolutionGuid = {6E910962-00FA-4806-9F54-AD9466CF4CFB}
	EndGlobalSection
EndGlobal
